
Microsoft Visual Studio Solution File, Format Version 12.00
# Visual Studio Version 17
VisualStudioVersion = 17.4.33205.214
MinimumVisualStudioVersion = 10.0.40219.1
Project("{FAE04EC0-301F-11D3-BF4B-00C04F79EFBC}") = "ConsoleApp2", "ConsoleApp2\ConsoleApp2.csproj", "{0692A7DC-5836-44C1-A7D4-7235946396CF}"
EndProject
Global
	GlobalSection(SolutionConfigurationPlatforms) = preSolution
		Debug|Any CPU = Debug|Any CPU
		Release|Any CPU = Release|Any CPU
	EndGlobalSection
	GlobalSection(ProjectConfigurationPlatforms) = postSolution
		{0692A7DC-5836-44C1-A7D4-7235946396CF}.Debug|Any CPU.ActiveCfg = Debug|Any CPU
		{0692A7DC-5836-44C1-A7D4-7235946396CF}.Debug|Any CPU.Build.0 = Debug|Any CPU
		{0692A7DC-5836-44C1-A7D4-7235946396CF}.Release|Any CPU.ActiveCfg = Release|Any CPU
		{0692A7DC-5836-44C1-A7D4-7235946396CF}.Release|Any CPU.Build.0 = Release|Any CPU
	EndGlobalSection
	GlobalSection(SolutionProperties) = preSolution
		HideSolutionNode = FALSE
	EndGlobalSection
	GlobalSection(ExtensibilityGlobals) = postSolution
		SolutionGuid = {895E1F23-7FAE-46BA-BCFC-0B9127F08191}
	EndGlobalSection
EndGlobal
