
Microsoft Visual Studio Solution File, Format Version 12.00
# Visual Studio Version 17
VisualStudioVersion = 17.4.33205.214
MinimumVisualStudioVersion = 10.0.40219.1
Project("{FAE04EC0-301F-11D3-BF4B-00C04F79EFBC}") = "DayOfTheWeekApp", "DayOfTheWeekApp\DayOfTheWeekApp.csproj", "{88E5F361-28E7-4261-89A0-9FD3BED4767A}"
EndProject
Global
	GlobalSection(SolutionConfigurationPlatforms) = preSolution
		Debug|Any CPU = Debug|Any CPU
		Release|Any CPU = Release|Any CPU
	EndGlobalSection
	GlobalSection(ProjectConfigurationPlatforms) = postSolution
		{88E5F361-28E7-4261-89A0-9FD3BED4767A}.Debug|Any CPU.ActiveCfg = Debug|Any CPU
		{88E5F361-28E7-4261-89A0-9FD3BED4767A}.Debug|Any CPU.Build.0 = Debug|Any CPU
		{88E5F361-28E7-4261-89A0-9FD3BED4767A}.Release|Any CPU.ActiveCfg = Release|Any CPU
		{88E5F361-28E7-4261-89A0-9FD3BED4767A}.Release|Any CPU.Build.0 = Release|Any CPU
	EndGlobalSection
	GlobalSection(SolutionProperties) = preSolution
		HideSolutionNode = FALSE
	EndGlobalSection
	GlobalSection(ExtensibilityGlobals) = postSolution
		SolutionGuid = {CBC11B4B-A569-4AA8-8AA2-37EFB5E9282A}
	EndGlobalSection
EndGlobal
