
Microsoft Visual Studio Solution File, Format Version 12.00
# Visual Studio Version 17
VisualStudioVersion = 17.4.33205.214
MinimumVisualStudioVersion = 10.0.40219.1
Project("{FAE04EC0-301F-11D3-BF4B-00C04F79EFBC}") = "ConsoleApp1", "ConsoleApp1\ConsoleApp1.csproj", "{97F9AE86-451C-4BFC-A0EC-8598BEB906D5}"
EndProject
Global
	GlobalSection(SolutionConfigurationPlatforms) = preSolution
		Debug|Any CPU = Debug|Any CPU
		Release|Any CPU = Release|Any CPU
	EndGlobalSection
	GlobalSection(ProjectConfigurationPlatforms) = postSolution
		{97F9AE86-451C-4BFC-A0EC-8598BEB906D5}.Debug|Any CPU.ActiveCfg = Debug|Any CPU
		{97F9AE86-451C-4BFC-A0EC-8598BEB906D5}.Debug|Any CPU.Build.0 = Debug|Any CPU
		{97F9AE86-451C-4BFC-A0EC-8598BEB906D5}.Release|Any CPU.ActiveCfg = Release|Any CPU
		{97F9AE86-451C-4BFC-A0EC-8598BEB906D5}.Release|Any CPU.Build.0 = Release|Any CPU
	EndGlobalSection
	GlobalSection(SolutionProperties) = preSolution
		HideSolutionNode = FALSE
	EndGlobalSection
	GlobalSection(ExtensibilityGlobals) = postSolution
		SolutionGuid = {2A40336E-A930-4B93-A36A-5D6D9C4DEA48}
	EndGlobalSection
EndGlobal
